
Microsoft Visual Studio Solution File, Format Version 12.00
# Visual Studio Version 17
VisualStudioVersion = 17.14.36518.9 d17.14
MinimumVisualStudioVersion = 10.0.40219.1
Project("{FAE04EC0-301F-11D3-BF4B-00C04F79EFBC}") = "RouteMVCApp.pl", "RouteMVCApp.pl\RouteMVCApp.pl.csproj", "{328605C2-2CEA-4F5F-925F-C95F69359AAD}"
EndProject
Global
	GlobalSection(SolutionConfigurationPlatforms) = preSolution
		Debug|Any CPU = Debug|Any CPU
		Release|Any CPU = Release|Any CPU
	EndGlobalSection
	GlobalSection(ProjectConfigurationPlatforms) = postSolution
		{328605C2-2CEA-4F5F-925F-C95F69359AAD}.Debug|Any CPU.ActiveCfg = Debug|Any CPU
		{328605C2-2CEA-4F5F-925F-C95F69359AAD}.Debug|Any CPU.Build.0 = Debug|Any CPU
		{328605C2-2CEA-4F5F-925F-C95F69359AAD}.Release|Any CPU.ActiveCfg = Release|Any CPU
		{328605C2-2CEA-4F5F-925F-C95F69359AAD}.Release|Any CPU.Build.0 = Release|Any CPU
	EndGlobalSection
	GlobalSection(SolutionProperties) = preSolution
		HideSolutionNode = FALSE
	EndGlobalSection
	GlobalSection(ExtensibilityGlobals) = postSolution
		SolutionGuid = {7021ECC2-4908-4F4C-8C43-F6BBF6267080}
	EndGlobalSection
EndGlobal
