
Microsoft Visual Studio Solution File, Format Version 12.00
# Visual Studio Version 17
VisualStudioVersion = 17.14.36518.9 d17.14
MinimumVisualStudioVersion = 10.0.40219.1
Project("{FAE04EC0-301F-11D3-BF4B-00C04F79EFBC}") = "RouteMVCApp.pl", "RouteMVCApp.pl\RouteMVCApp.pl.csproj", "{328605C2-2CEA-4F5F-925F-C95F69359AAD}"
EndProject
Project("{FAE04EC0-301F-11D3-BF4B-00C04F79EFBC}") = "Route.MVCApp.DAL", "Route.MVCAppDAL\Route.MVCApp.DAL.csproj", "{3C901D09-CED0-4157-A4AE-891A8FA73077}"
EndProject
Project("{FAE04EC0-301F-11D3-BF4B-00C04F79EFBC}") = "Route.MVCApp.BLL", "Route.MVCApp.PLL\Route.MVCApp.BLL.csproj", "{B979DEAC-6687-42FE-93A5-A3425C6B4B11}"
EndProject
Global
	GlobalSection(SolutionConfigurationPlatforms) = preSolution
		Debug|Any CPU = Debug|Any CPU
		Release|Any CPU = Release|Any CPU
	EndGlobalSection
	GlobalSection(ProjectConfigurationPlatforms) = postSolution
		{328605C2-2CEA-4F5F-925F-C95F69359AAD}.Debug|Any CPU.ActiveCfg = Debug|Any CPU
		{328605C2-2CEA-4F5F-925F-C95F69359AAD}.Debug|Any CPU.Build.0 = Debug|Any CPU
		{328605C2-2CEA-4F5F-925F-C95F69359AAD}.Release|Any CPU.ActiveCfg = Release|Any CPU
		{328605C2-2CEA-4F5F-925F-C95F69359AAD}.Release|Any CPU.Build.0 = Release|Any CPU
		{3C901D09-CED0-4157-A4AE-891A8FA73077}.Debug|Any CPU.ActiveCfg = Debug|Any CPU
		{3C901D09-CED0-4157-A4AE-891A8FA73077}.Debug|Any CPU.Build.0 = Debug|Any CPU
		{3C901D09-CED0-4157-A4AE-891A8FA73077}.Release|Any CPU.ActiveCfg = Release|Any CPU
		{3C901D09-CED0-4157-A4AE-891A8FA73077}.Release|Any CPU.Build.0 = Release|Any CPU
		{B979DEAC-6687-42FE-93A5-A3425C6B4B11}.Debug|Any CPU.ActiveCfg = Debug|Any CPU
		{B979DEAC-6687-42FE-93A5-A3425C6B4B11}.Debug|Any CPU.Build.0 = Debug|Any CPU
		{B979DEAC-6687-42FE-93A5-A3425C6B4B11}.Release|Any CPU.ActiveCfg = Release|Any CPU
		{B979DEAC-6687-42FE-93A5-A3425C6B4B11}.Release|Any CPU.Build.0 = Release|Any CPU
	EndGlobalSection
	GlobalSection(SolutionProperties) = preSolution
		HideSolutionNode = FALSE
	EndGlobalSection
	GlobalSection(ExtensibilityGlobals) = postSolution
		SolutionGuid = {7021ECC2-4908-4F4C-8C43-F6BBF6267080}
	EndGlobalSection
EndGlobal
